
Microsoft Visual Studio Solution File, Format Version 12.00
# Visual Studio 15
VisualStudioVersion = 15.0.26730.12
MinimumVisualStudioVersion = 10.0.40219.1
Project("{8BC9CEB8-8B4A-11D0-8D11-00A0C91BC942}") = "Lab_5_1_2", "Lab_5_1_2\Lab_5_1_2.vcxproj", "{5B391200-739A-4832-8145-1C1033022BAF}"
EndProject
Global
	GlobalSection(SolutionConfigurationPlatforms) = preSolution
		Debug|x64 = Debug|x64
		Debug|x86 = Debug|x86
		Release|x64 = Release|x64
		Release|x86 = Release|x86
	EndGlobalSection
	GlobalSection(ProjectConfigurationPlatforms) = postSolution
		{5B391200-739A-4832-8145-1C1033022BAF}.Debug|x64.ActiveCfg = Debug|x64
		{5B391200-739A-4832-8145-1C1033022BAF}.Debug|x64.Build.0 = Debug|x64
		{5B391200-739A-4832-8145-1C1033022BAF}.Debug|x86.ActiveCfg = Debug|Win32
		{5B391200-739A-4832-8145-1C1033022BAF}.Debug|x86.Build.0 = Debug|Win32
		{5B391200-739A-4832-8145-1C1033022BAF}.Release|x64.ActiveCfg = Release|x64
		{5B391200-739A-4832-8145-1C1033022BAF}.Release|x64.Build.0 = Release|x64
		{5B391200-739A-4832-8145-1C1033022BAF}.Release|x86.ActiveCfg = Release|Win32
		{5B391200-739A-4832-8145-1C1033022BAF}.Release|x86.Build.0 = Release|Win32
	EndGlobalSection
	GlobalSection(SolutionProperties) = preSolution
		HideSolutionNode = FALSE
	EndGlobalSection
	GlobalSection(ExtensibilityGlobals) = postSolution
		SolutionGuid = {07424AA7-9B7A-471E-B057-74DD72E36671}
	EndGlobalSection
EndGlobal
