
Microsoft Visual Studio Solution File, Format Version 12.00
# Visual Studio 15
VisualStudioVersion = 15.0.26730.12
MinimumVisualStudioVersion = 10.0.40219.1
Project("{8BC9CEB8-8B4A-11D0-8D11-00A0C91BC942}") = "Lab_8_1_2", "Lab_8_1_2\Lab_8_1_2.vcxproj", "{1CBFC76D-66F5-4D62-9D02-69C0CC29C31B}"
EndProject
Global
	GlobalSection(SolutionConfigurationPlatforms) = preSolution
		Debug|x64 = Debug|x64
		Debug|x86 = Debug|x86
		Release|x64 = Release|x64
		Release|x86 = Release|x86
	EndGlobalSection
	GlobalSection(ProjectConfigurationPlatforms) = postSolution
		{1CBFC76D-66F5-4D62-9D02-69C0CC29C31B}.Debug|x64.ActiveCfg = Debug|x64
		{1CBFC76D-66F5-4D62-9D02-69C0CC29C31B}.Debug|x64.Build.0 = Debug|x64
		{1CBFC76D-66F5-4D62-9D02-69C0CC29C31B}.Debug|x86.ActiveCfg = Debug|Win32
		{1CBFC76D-66F5-4D62-9D02-69C0CC29C31B}.Debug|x86.Build.0 = Debug|Win32
		{1CBFC76D-66F5-4D62-9D02-69C0CC29C31B}.Release|x64.ActiveCfg = Release|x64
		{1CBFC76D-66F5-4D62-9D02-69C0CC29C31B}.Release|x64.Build.0 = Release|x64
		{1CBFC76D-66F5-4D62-9D02-69C0CC29C31B}.Release|x86.ActiveCfg = Release|Win32
		{1CBFC76D-66F5-4D62-9D02-69C0CC29C31B}.Release|x86.Build.0 = Release|Win32
	EndGlobalSection
	GlobalSection(SolutionProperties) = preSolution
		HideSolutionNode = FALSE
	EndGlobalSection
	GlobalSection(ExtensibilityGlobals) = postSolution
		SolutionGuid = {69A08A18-2346-48B6-B33E-590F02AA1D76}
	EndGlobalSection
EndGlobal
