
Microsoft Visual Studio Solution File, Format Version 12.00
# Visual Studio 15
VisualStudioVersion = 15.0.26730.12
MinimumVisualStudioVersion = 10.0.40219.1
Project("{8BC9CEB8-8B4A-11D0-8D11-00A0C91BC942}") = "Lab_5_3_7", "Lab_5_3_7\Lab_5_3_7.vcxproj", "{876A3D82-F642-4D79-A60A-C85619B0F281}"
EndProject
Global
	GlobalSection(SolutionConfigurationPlatforms) = preSolution
		Debug|x64 = Debug|x64
		Debug|x86 = Debug|x86
		Release|x64 = Release|x64
		Release|x86 = Release|x86
	EndGlobalSection
	GlobalSection(ProjectConfigurationPlatforms) = postSolution
		{876A3D82-F642-4D79-A60A-C85619B0F281}.Debug|x64.ActiveCfg = Debug|x64
		{876A3D82-F642-4D79-A60A-C85619B0F281}.Debug|x64.Build.0 = Debug|x64
		{876A3D82-F642-4D79-A60A-C85619B0F281}.Debug|x86.ActiveCfg = Debug|Win32
		{876A3D82-F642-4D79-A60A-C85619B0F281}.Debug|x86.Build.0 = Debug|Win32
		{876A3D82-F642-4D79-A60A-C85619B0F281}.Release|x64.ActiveCfg = Release|x64
		{876A3D82-F642-4D79-A60A-C85619B0F281}.Release|x64.Build.0 = Release|x64
		{876A3D82-F642-4D79-A60A-C85619B0F281}.Release|x86.ActiveCfg = Release|Win32
		{876A3D82-F642-4D79-A60A-C85619B0F281}.Release|x86.Build.0 = Release|Win32
	EndGlobalSection
	GlobalSection(SolutionProperties) = preSolution
		HideSolutionNode = FALSE
	EndGlobalSection
	GlobalSection(ExtensibilityGlobals) = postSolution
		SolutionGuid = {B9732CF4-9635-411B-953A-028E5BF6F6EC}
	EndGlobalSection
EndGlobal
