
Microsoft Visual Studio Solution File, Format Version 12.00
# Visual Studio 15
VisualStudioVersion = 15.0.26730.12
MinimumVisualStudioVersion = 10.0.40219.1
Project("{8BC9CEB8-8B4A-11D0-8D11-00A0C91BC942}") = "Lab_3_6", "Lab_3_6\Lab_3_6.vcxproj", "{7D89408D-D593-43D9-8353-AEB43EC0EAE8}"
EndProject
Global
	GlobalSection(SolutionConfigurationPlatforms) = preSolution
		Debug|x64 = Debug|x64
		Debug|x86 = Debug|x86
		Release|x64 = Release|x64
		Release|x86 = Release|x86
	EndGlobalSection
	GlobalSection(ProjectConfigurationPlatforms) = postSolution
		{7D89408D-D593-43D9-8353-AEB43EC0EAE8}.Debug|x64.ActiveCfg = Debug|x64
		{7D89408D-D593-43D9-8353-AEB43EC0EAE8}.Debug|x64.Build.0 = Debug|x64
		{7D89408D-D593-43D9-8353-AEB43EC0EAE8}.Debug|x86.ActiveCfg = Debug|Win32
		{7D89408D-D593-43D9-8353-AEB43EC0EAE8}.Debug|x86.Build.0 = Debug|Win32
		{7D89408D-D593-43D9-8353-AEB43EC0EAE8}.Release|x64.ActiveCfg = Release|x64
		{7D89408D-D593-43D9-8353-AEB43EC0EAE8}.Release|x64.Build.0 = Release|x64
		{7D89408D-D593-43D9-8353-AEB43EC0EAE8}.Release|x86.ActiveCfg = Release|Win32
		{7D89408D-D593-43D9-8353-AEB43EC0EAE8}.Release|x86.Build.0 = Release|Win32
	EndGlobalSection
	GlobalSection(SolutionProperties) = preSolution
		HideSolutionNode = FALSE
	EndGlobalSection
	GlobalSection(ExtensibilityGlobals) = postSolution
		SolutionGuid = {F88B3DC0-1CC4-41C4-95A4-26D0B4F3D125}
	EndGlobalSection
EndGlobal
