
Microsoft Visual Studio Solution File, Format Version 12.00
# Visual Studio 15
VisualStudioVersion = 15.0.26730.12
MinimumVisualStudioVersion = 10.0.40219.1
Project("{8BC9CEB8-8B4A-11D0-8D11-00A0C91BC942}") = "Lab_5_3_6", "Lab_5_3_6\Lab_5_3_6.vcxproj", "{0E32F87B-328C-4927-A20E-D42798EE6ACB}"
EndProject
Global
	GlobalSection(SolutionConfigurationPlatforms) = preSolution
		Debug|x64 = Debug|x64
		Debug|x86 = Debug|x86
		Release|x64 = Release|x64
		Release|x86 = Release|x86
	EndGlobalSection
	GlobalSection(ProjectConfigurationPlatforms) = postSolution
		{0E32F87B-328C-4927-A20E-D42798EE6ACB}.Debug|x64.ActiveCfg = Debug|x64
		{0E32F87B-328C-4927-A20E-D42798EE6ACB}.Debug|x64.Build.0 = Debug|x64
		{0E32F87B-328C-4927-A20E-D42798EE6ACB}.Debug|x86.ActiveCfg = Debug|Win32
		{0E32F87B-328C-4927-A20E-D42798EE6ACB}.Debug|x86.Build.0 = Debug|Win32
		{0E32F87B-328C-4927-A20E-D42798EE6ACB}.Release|x64.ActiveCfg = Release|x64
		{0E32F87B-328C-4927-A20E-D42798EE6ACB}.Release|x64.Build.0 = Release|x64
		{0E32F87B-328C-4927-A20E-D42798EE6ACB}.Release|x86.ActiveCfg = Release|Win32
		{0E32F87B-328C-4927-A20E-D42798EE6ACB}.Release|x86.Build.0 = Release|Win32
	EndGlobalSection
	GlobalSection(SolutionProperties) = preSolution
		HideSolutionNode = FALSE
	EndGlobalSection
	GlobalSection(ExtensibilityGlobals) = postSolution
		SolutionGuid = {5ED85099-923F-4B08-AC60-C360BA7FEBE0}
	EndGlobalSection
EndGlobal
