
Microsoft Visual Studio Solution File, Format Version 12.00
# Visual Studio 15
VisualStudioVersion = 15.0.26730.12
MinimumVisualStudioVersion = 10.0.40219.1
Project("{8BC9CEB8-8B4A-11D0-8D11-00A0C91BC942}") = "Lab_2_1_2", "Lab_2_1_2\Lab_2_1_2.vcxproj", "{FB56D46E-21EA-4C02-9662-E8D418C35D89}"
EndProject
Global
	GlobalSection(SolutionConfigurationPlatforms) = preSolution
		Debug|x64 = Debug|x64
		Debug|x86 = Debug|x86
		Release|x64 = Release|x64
		Release|x86 = Release|x86
	EndGlobalSection
	GlobalSection(ProjectConfigurationPlatforms) = postSolution
		{FB56D46E-21EA-4C02-9662-E8D418C35D89}.Debug|x64.ActiveCfg = Debug|x64
		{FB56D46E-21EA-4C02-9662-E8D418C35D89}.Debug|x64.Build.0 = Debug|x64
		{FB56D46E-21EA-4C02-9662-E8D418C35D89}.Debug|x86.ActiveCfg = Debug|Win32
		{FB56D46E-21EA-4C02-9662-E8D418C35D89}.Debug|x86.Build.0 = Debug|Win32
		{FB56D46E-21EA-4C02-9662-E8D418C35D89}.Release|x64.ActiveCfg = Release|x64
		{FB56D46E-21EA-4C02-9662-E8D418C35D89}.Release|x64.Build.0 = Release|x64
		{FB56D46E-21EA-4C02-9662-E8D418C35D89}.Release|x86.ActiveCfg = Release|Win32
		{FB56D46E-21EA-4C02-9662-E8D418C35D89}.Release|x86.Build.0 = Release|Win32
	EndGlobalSection
	GlobalSection(SolutionProperties) = preSolution
		HideSolutionNode = FALSE
	EndGlobalSection
	GlobalSection(ExtensibilityGlobals) = postSolution
		SolutionGuid = {5C723C5F-DDD1-41F6-A1D6-1C74594609A7}
	EndGlobalSection
EndGlobal
