
Microsoft Visual Studio Solution File, Format Version 12.00
# Visual Studio 15
VisualStudioVersion = 15.0.26730.12
MinimumVisualStudioVersion = 10.0.40219.1
Project("{8BC9CEB8-8B4A-11D0-8D11-00A0C91BC942}") = "Lab_4_5_10", "Lab_4_5_10.vcxproj", "{F11C8142-E79F-4DC0-B5C4-60521B96DFCE}"
EndProject
Global
	GlobalSection(SolutionConfigurationPlatforms) = preSolution
		Debug|x64 = Debug|x64
		Debug|x86 = Debug|x86
		Release|x64 = Release|x64
		Release|x86 = Release|x86
	EndGlobalSection
	GlobalSection(ProjectConfigurationPlatforms) = postSolution
		{F11C8142-E79F-4DC0-B5C4-60521B96DFCE}.Debug|x64.ActiveCfg = Debug|x64
		{F11C8142-E79F-4DC0-B5C4-60521B96DFCE}.Debug|x64.Build.0 = Debug|x64
		{F11C8142-E79F-4DC0-B5C4-60521B96DFCE}.Debug|x86.ActiveCfg = Debug|Win32
		{F11C8142-E79F-4DC0-B5C4-60521B96DFCE}.Debug|x86.Build.0 = Debug|Win32
		{F11C8142-E79F-4DC0-B5C4-60521B96DFCE}.Release|x64.ActiveCfg = Release|x64
		{F11C8142-E79F-4DC0-B5C4-60521B96DFCE}.Release|x64.Build.0 = Release|x64
		{F11C8142-E79F-4DC0-B5C4-60521B96DFCE}.Release|x86.ActiveCfg = Release|Win32
		{F11C8142-E79F-4DC0-B5C4-60521B96DFCE}.Release|x86.Build.0 = Release|Win32
	EndGlobalSection
	GlobalSection(SolutionProperties) = preSolution
		HideSolutionNode = FALSE
	EndGlobalSection
	GlobalSection(ExtensibilityGlobals) = postSolution
		SolutionGuid = {88E19AB9-BACC-4E8B-88CA-4ABA8D37654E}
	EndGlobalSection
EndGlobal
